
Microsoft Visual Studio Solution File, Format Version 12.00
# Visual Studio Version 16
VisualStudioVersion = 16.0.31911.196
MinimumVisualStudioVersion = 10.0.40219.1
Project("{FAE04EC0-301F-11D3-BF4B-00C04F79EFBC}") = "FindMaxNumberGenerics", "FindMaxNumberGenerics\FindMaxNumberGenerics.csproj", "{51ACB625-43B9-462C-B325-0AADFCDDA35F}"
EndProject
Global
	GlobalSection(SolutionConfigurationPlatforms) = preSolution
		Debug|Any CPU = Debug|Any CPU
		Release|Any CPU = Release|Any CPU
	EndGlobalSection
	GlobalSection(ProjectConfigurationPlatforms) = postSolution
		{51ACB625-43B9-462C-B325-0AADFCDDA35F}.Debug|Any CPU.ActiveCfg = Debug|Any CPU
		{51ACB625-43B9-462C-B325-0AADFCDDA35F}.Debug|Any CPU.Build.0 = Debug|Any CPU
		{51ACB625-43B9-462C-B325-0AADFCDDA35F}.Release|Any CPU.ActiveCfg = Release|Any CPU
		{51ACB625-43B9-462C-B325-0AADFCDDA35F}.Release|Any CPU.Build.0 = Release|Any CPU
	EndGlobalSection
	GlobalSection(SolutionProperties) = preSolution
		HideSolutionNode = FALSE
	EndGlobalSection
	GlobalSection(ExtensibilityGlobals) = postSolution
		SolutionGuid = {FF9298FE-B136-4A5C-89AF-27E6DECB5288}
	EndGlobalSection
EndGlobal
